<?xml version="1.0" encoding="utf-8"?>
<Project ToolsVersion="4.0" xmlns="http://schemas.microsoft.com/developer/msbuild/2003">
  <ItemGroup>
    <Filter Include="Source Files">
      <UniqueIdentifier>{4FC737F1-C7A5-4376-A066-2A32D752A2FF}</UniqueIdentifier>
      <Extensions>cpp;c;cc;cxx;def;odl;idl;hpj;bat;asm;asmx</Extensions>
    </Filter>
    <Filter Include="Header Files">
      <UniqueIdentifier>{93995380-89BD-4b04-88EB-625FBE52EBFB}</UniqueIdentifier>
      <Extensions>h;hh;hpp;hxx;hm;inl;inc;xsd</Extensions>
    </Filter>
    <Filter Include="Content">
      <UniqueIdentifier>{e148d33b-075b-4e4d-a055-260acb02f4e0}</UniqueIdentifier>
    </Filter>
    <Filter Include="Content\Textures">
      <UniqueIdentifier>{bc9aeeb8-5d48-4619-b59e-3462ee33e276}</UniqueIdentifier>
    </Filter>
    <Filter Include="Content\Fonts">
      <UniqueIdentifier>{e2b155cf-0140-4e09-a31e-ba1db8e4f3c6}</UniqueIdentifier>
    </Filter>
    <Filter Include="Content\Sound">
      <UniqueIdentifier>{c1573992-683e-406d-882b-d20616a62036}</UniqueIdentifier>
    </Filter>
  </ItemGroup>
  <ItemGroup>
    <None Include="packages.config" />
  </ItemGroup>
  <ItemGroup>
    <ClInclude Include="stdafx.h">
      <Filter>Header Files</Filter>
    </ClInclude>
    <ClInclude Include="Board.h">
      <Filter>Header Files</Filter>
    </ClInclude>
    <ClInclude Include="NodeReversi.h">
      <Filter>Header Files</Filter>
    </ClInclude>
    <ClInclude Include="ReversiGame.h">
      <Filter>Header Files</Filter>
    </ClInclude>
    <ClInclude Include="BoardUI.h">
      <Filter>Header Files</Filter>
    </ClInclude>
  </ItemGroup>
  <ItemGroup>
    <ClCompile Include="stdafx.cpp">
      <Filter>Source Files</Filter>
    </ClCompile>
    <ClCompile Include="Reversi.cpp">
      <Filter>Source Files</Filter>
    </ClCompile>
    <ClCompile Include="Board.cpp">
      <Filter>Source Files</Filter>
    </ClCompile>
    <ClCompile Include="NodeReversi.cpp">
      <Filter>Source Files</Filter>
    </ClCompile>
    <ClCompile Include="ReversiGame.cpp">
      <Filter>Source Files</Filter>
    </ClCompile>
    <ClCompile Include="BoardUI.cpp">
      <Filter>Source Files</Filter>
    </ClCompile>
  </ItemGroup>
  <ItemGroup>
    <Image Include="content\Textures\WhiteDisk.png">
      <Filter>Content\Textures</Filter>
    </Image>
    <Image Include="content\Textures\BlackDisk.png">
      <Filter>Content\Textures</Filter>
    </Image>
    <Image Include="Content\Textures\Tile.png">
      <Filter>Content\Textures</Filter>
    </Image>
    <Image Include="Content\Textures\blackCoin.png">
      <Filter>Content\Textures</Filter>
    </Image>
    <Image Include="Content\Textures\whiteCoin.png">
      <Filter>Content\Textures</Filter>
    </Image>
    <Image Include="Content\Textures\AvailableTile.png">
      <Filter>Content\Textures</Filter>
    </Image>
    <Image Include="Content\Textures\blackCoin2.png">
      <Filter>Content\Textures</Filter>
    </Image>
    <Image Include="Content\Textures\whiteCoin2.png">
      <Filter>Content\Textures</Filter>
    </Image>
  </ItemGroup>
  <ItemGroup>
    <Media Include="Content\Sound\Patakas-World.wav">
      <Filter>Content\Sound</Filter>
    </Media>
  </ItemGroup>
</Project>